PATH
  remote: ..
  specs:
    jbuilder_cache_multi (0.1.0)
      jbuilder (>= 1.5.0, < 3)

GEM
  remote: https://rubygems.org/
  specs:
    actionpack (4.0.13)
      activesupport (= 4.0.13)
      builder (~> 3.1.0)
      erubis (~> 2.7.0)
      rack (~> 1.5.2)
      rack-test (~> 0.6.2)
    activemodel (4.0.13)
      activesupport (= 4.0.13)
      builder (~> 3.1.0)
    activerecord (4.0.13)
      activemodel (= 4.0.13)
      activerecord-deprecated_finders (~> 1.0.2)
      activesupport (= 4.0.13)
      arel (~> 4.0.0)
    activerecord-deprecated_finders (1.0.4)
    activesupport (4.0.13)
      i18n (~> 0.6, >= 0.6.9)
      minitest (~> 4.2)
      multi_json (~> 1.3)
      thread_safe (~> 0.1)
      tzinfo (~> 0.3.37)
    appraisal (2.2.0)
      bundler
      rake
      thor (>= 0.14.0)
    arel (4.0.2)
    builder (3.1.4)
    concurrent-ruby (1.1.7)
    erubis (2.7.0)
    i18n (0.9.5)
      concurrent-ruby (~> 1.0)
    jbuilder (1.5.3)
      activesupport (>= 3.0.0)
      multi_json (>= 1.2.0)
    minitest (4.7.5)
    mocha (1.11.2)
    multi_json (1.15.0)
    power_assert (1.2.0)
    rack (1.5.5)
    rack-test (0.6.3)
      rack (>= 1.0)
    railties (4.0.13)
      actionpack (= 4.0.13)
      activesupport (= 4.0.13)
      rake (>= 0.8.7)
      thor (>= 0.18.1, < 2.0)
    rake (13.0.1)
    sqlite3 (1.3.13)
    test-unit (3.3.6)
      power_assert
    thor (1.0.1)
    thread_safe (0.3.6)
    tzinfo (0.3.57)

PLATFORMS
  ruby

DEPENDENCIES
  actionpack (~> 4.0.0)
  activerecord (~> 4.0.0)
  appraisal
  jbuilder (~> 1.5.0)
  jbuilder_cache_multi!
  mocha
  railties (~> 4.0.0)
  rake
  sqlite3 (~> 1.3.11)
  test-unit

BUNDLED WITH
   1.17.3
